
Microsoft Visual Studio Solution File, Format Version 12.00
# Visual Studio Version 17
VisualStudioVersion = 17.11.35303.130
MinimumVisualStudioVersion = 10.0.40219.1
Project("{8BC9CEB8-8B4A-11D0-8D11-00A0C91BC942}") = "Syldeyn", "Syldeyn\Syldeyn.vcxproj", "{4E337EAA-F1B9-401C-8ACF-58C2E190B233}"
EndProject
Project("{FAE04EC0-301F-11D3-BF4B-00C04F79EFBC}") = "MKL2Syldeyn", "MKL2Syldeyn\MKL2Syldeyn.csproj", "{F7645E6A-51D7-4CE8-AE30-E0B6E4FE3BA7}"
EndProject
Global
	GlobalSection(SolutionConfigurationPlatforms) = preSolution
		Debug|Any CPU = Debug|Any CPU
		Debug|x64 = Debug|x64
		Debug|x86 = Debug|x86
		Release|Any CPU = Release|Any CPU
		Release|x64 = Release|x64
		Release|x86 = Release|x86
	EndGlobalSection
	GlobalSection(ProjectConfigurationPlatforms) = postSolution
		{4E337EAA-F1B9-401C-8ACF-58C2E190B233}.Debug|Any CPU.ActiveCfg = Debug|x64
		{4E337EAA-F1B9-401C-8ACF-58C2E190B233}.Debug|Any CPU.Build.0 = Debug|x64
		{4E337EAA-F1B9-401C-8ACF-58C2E190B233}.Debug|x64.ActiveCfg = Debug|x64
		{4E337EAA-F1B9-401C-8ACF-58C2E190B233}.Debug|x64.Build.0 = Debug|x64
		{4E337EAA-F1B9-401C-8ACF-58C2E190B233}.Debug|x86.ActiveCfg = Debug|Win32
		{4E337EAA-F1B9-401C-8ACF-58C2E190B233}.Debug|x86.Build.0 = Debug|Win32
		{4E337EAA-F1B9-401C-8ACF-58C2E190B233}.Release|Any CPU.ActiveCfg = Release|x64
		{4E337EAA-F1B9-401C-8ACF-58C2E190B233}.Release|Any CPU.Build.0 = Release|x64
		{4E337EAA-F1B9-401C-8ACF-58C2E190B233}.Release|x64.ActiveCfg = Release|x64
		{4E337EAA-F1B9-401C-8ACF-58C2E190B233}.Release|x64.Build.0 = Release|x64
		{4E337EAA-F1B9-401C-8ACF-58C2E190B233}.Release|x86.ActiveCfg = Release|Win32
		{4E337EAA-F1B9-401C-8ACF-58C2E190B233}.Release|x86.Build.0 = Release|Win32
		{F7645E6A-51D7-4CE8-AE30-E0B6E4FE3BA7}.Debug|Any CPU.ActiveCfg = Debug|Any CPU
		{F7645E6A-51D7-4CE8-AE30-E0B6E4FE3BA7}.Debug|Any CPU.Build.0 = Debug|Any CPU
		{F7645E6A-51D7-4CE8-AE30-E0B6E4FE3BA7}.Debug|x64.ActiveCfg = Debug|Any CPU
		{F7645E6A-51D7-4CE8-AE30-E0B6E4FE3BA7}.Debug|x64.Build.0 = Debug|Any CPU
		{F7645E6A-51D7-4CE8-AE30-E0B6E4FE3BA7}.Debug|x86.ActiveCfg = Debug|Any CPU
		{F7645E6A-51D7-4CE8-AE30-E0B6E4FE3BA7}.Debug|x86.Build.0 = Debug|Any CPU
		{F7645E6A-51D7-4CE8-AE30-E0B6E4FE3BA7}.Release|Any CPU.ActiveCfg = Release|Any CPU
		{F7645E6A-51D7-4CE8-AE30-E0B6E4FE3BA7}.Release|Any CPU.Build.0 = Release|Any CPU
		{F7645E6A-51D7-4CE8-AE30-E0B6E4FE3BA7}.Release|x64.ActiveCfg = Release|Any CPU
		{F7645E6A-51D7-4CE8-AE30-E0B6E4FE3BA7}.Release|x64.Build.0 = Release|Any CPU
		{F7645E6A-51D7-4CE8-AE30-E0B6E4FE3BA7}.Release|x86.ActiveCfg = Release|Any CPU
		{F7645E6A-51D7-4CE8-AE30-E0B6E4FE3BA7}.Release|x86.Build.0 = Release|Any CPU
	EndGlobalSection
	GlobalSection(SolutionProperties) = preSolution
		HideSolutionNode = FALSE
	EndGlobalSection
	GlobalSection(ExtensibilityGlobals) = postSolution
		SolutionGuid = {29497626-F09A-4D4D-B664-C27D6E11326B}
	EndGlobalSection
EndGlobal
